
Microsoft Visual Studio Solution File, Format Version 12.00
# Visual Studio Version 16
VisualStudioVersion = 16.0.29102.190
MinimumVisualStudioVersion = 10.0.40219.1
Project("{FAE04EC0-301F-11D3-BF4B-00C04F79EFBC}") = "taskManagement", "taskManagement.csproj", "{4AAA8835-0688-4781-8F62-A87CEAE49B26}"
EndProject
Global
	GlobalSection(SolutionConfigurationPlatforms) = preSolution
		Debug|Any CPU = Debug|Any CPU
		Release|Any CPU = Release|Any CPU
	EndGlobalSection
	GlobalSection(ProjectConfigurationPlatforms) = postSolution
		{4AAA8835-0688-4781-8F62-A87CEAE49B26}.Debug|Any CPU.ActiveCfg = Debug|Any CPU
		{4AAA8835-0688-4781-8F62-A87CEAE49B26}.Debug|Any CPU.Build.0 = Debug|Any CPU
		{4AAA8835-0688-4781-8F62-A87CEAE49B26}.Release|Any CPU.ActiveCfg = Release|Any CPU
		{4AAA8835-0688-4781-8F62-A87CEAE49B26}.Release|Any CPU.Build.0 = Release|Any CPU
	EndGlobalSection
	GlobalSection(SolutionProperties) = preSolution
		HideSolutionNode = FALSE
	EndGlobalSection
	GlobalSection(ExtensibilityGlobals) = postSolution
		SolutionGuid = {CC03E11C-E26B-4127-9983-B6BFEE404F0A}
	EndGlobalSection
EndGlobal
